# This file is autogenerated, do not edit; changes may be undone by the next 'dep ensure'.


[[projects]]
  digest = "1:ba912523e603bc6ae1004d168a2e72166302ed8874386aec695513ceea5d8846"
  name = "github.com/Sirupsen/logrus"
  packages = [
    ".",
    "hooks/test",
  ]
  pruneopts = "UT"
  revision = "ba1b36c82c5e05c4f912a88eab0dcd91a171688f"
  version = "v0.11.5"

[[projects]]
  digest = "1:bb2130e54ac8ea3ff78312ca365ce3b8a23423ed362530551bdceaccfa4d8e77"
  name = "github.com/dgrijalva/jwt-go"
  packages = [
    ".",
    "request",
  ]
  pruneopts = "UT"
  revision = "06ea1031745cb8b3dab3f6a236daf2b0aa468b7e"
  version = "v3.2.0"

[[projects]]
  digest = "1:bc38c7c481812e178d85160472e231c5e1c9a7f5845d67e23ee4e706933c10d8"
  name = "github.com/golang/mock"
  packages = ["gomock"]
  pruneopts = "UT"
  revision = "c34cdb4725f4c3844d095133c6e40e448b86589b"
  version = "v1.1.1"

[[projects]]
  branch = "master"
  digest = "1:449918a9690b325edc4a77fda225fa1b9b155b42afab488d89feb6955a7fec3f"
  name = "golang.org/x/crypto"
  packages = [
    "ed25519",
    "ed25519/internal/edwards25519",
    "pbkdf2",
    "scrypt",
  ]
  pruneopts = "UT"
  revision = "e4dc69e5b2fd71dcaf8bd5d054eb936deb78d1fa"

[[projects]]
  branch = "master"
  digest = "1:d20c0450b79b50c703314165ef6b7a5bb5de64e9b7eef5d1c47f6a0ab3a3fd01"
  name = "golang.org/x/net"
  packages = [
    "context",
    "http/httpguts",
    "http2",
    "http2/hpack",
    "idna",
  ]
  pruneopts = "UT"
  revision = "03003ca0c849e57b6ea29a4bab8d3cb6e4d568fe"

[[projects]]
  branch = "master"
  digest = "1:7ba061af4131fb44b30448572acd0d6fefbf63a61b97b7ef1dea0be5871c2742"
  name = "golang.org/x/sys"
  packages = ["unix"]
  pruneopts = "UT"
  revision = "66b7b1311ac80bbafcd2daeef9a5e6e2cd1e2399"

[[projects]]
  digest = "1:a2ab62866c75542dd18d2b069fec854577a20211d7c0ea6ae746072a1dccdd18"
  name = "golang.org/x/text"
  packages = [
    "collate",
    "collate/build",
    "internal/colltab",
    "internal/gen",
    "internal/tag",
    "internal/triegen",
    "internal/ucd",
    "language",
    "secure/bidirule",
    "transform",
    "unicode/bidi",
    "unicode/cldr",
    "unicode/norm",
    "unicode/rangetable",
  ]
  pruneopts = "UT"
  revision = "f21a4dfb5e38f5895301dc265a8def02365cc3d0"
  version = "v0.3.0"

[[projects]]
  branch = "v2"
  digest = "1:988de7520a09024d5d94cd99bd545afbf194893994ec759b1cda0a0bbb6adb80"
  name = "gopkg.in/mgo.v2"
  packages = [
    ".",
    "bson",
    "internal/json",
    "internal/sasl",
    "internal/scram",
  ]
  pruneopts = "UT"
  revision = "9856a29383ce1c59f308dd1cf0363a79b5bef6b5"

[[projects]]
  digest = "1:26a278a34e30cc8fbd09d5f7474488ac4cbad325c2b592b30e76e5d7d2fc1f10"
  name = "gopkg.in/square/go-jose.v2"
  packages = [
    ".",
    "cipher",
    "json",
  ]
  pruneopts = "UT"
  revision = "ef984e69dd356202fd4e4910d4d9c24468bdf0b8"
  version = "v2.1.9"

[[projects]]
  digest = "1:342378ac4dcb378a5448dd723f0784ae519383532f5e70ade24132c4c8693202"
  name = "gopkg.in/yaml.v2"
  packages = ["."]
  pruneopts = "UT"
  revision = "5420a8b6744d3b0345ab293f6fcba19c978f1183"
  version = "v2.2.1"

[solve-meta]
  analyzer-name = "dep"
  analyzer-version = 1
  input-imports = [
    "github.com/Sirupsen/logrus",
    "github.com/Sirupsen/logrus/hooks/test",
    "github.com/dgrijalva/jwt-go",
    "github.com/dgrijalva/jwt-go/request",
    "github.com/golang/mock/gomock",
    "golang.org/x/crypto/scrypt",
    "golang.org/x/net/http2",
    "gopkg.in/mgo.v2",
    "gopkg.in/square/go-jose.v2",
    "gopkg.in/yaml.v2",
  ]
  solver-name = "gps-cdcl"
  solver-version = 1
